// !$*UTF8*$!
{
	archiveVersion = 1;
	classes = {
	};
	objectVersion = 50;
	objects = {

/* Begin PBXBuildFile section */
		8040549826D279A600907824 /* AppDelegate.swift in Sources */ = {isa = PBXBuildFile; fileRef = 8040549726D279A600907824 /* AppDelegate.swift */; };
		8040549A26D279A600907824 /* SceneDelegate.swift in Sources */ = {isa = PBXBuildFile; fileRef = 8040549926D279A600907824 /* SceneDelegate.swift */; };
		8040549C26D279A600907824 /* ViewController.swift in Sources */ = {isa = PBXBuildFile; fileRef = 8040549B26D279A600907824 /* ViewController.swift */; };
		8040549F26D279A600907824 /* Main.storyboard in Resources */ = {isa = PBXBuildFile; fileRef = 8040549D26D279A600907824 /* Main.storyboard */; };
		804054A126D279B200907824 /* Assets.xcassets in Resources */ = {isa = PBXBuildFile; fileRef = 804054A026D279B200907824 /* Assets.xcassets */; };
		804054A426D279B200907824 /* LaunchScreen.storyboard in Resources */ = {isa = PBXBuildFile; fileRef = 804054A226D279B200907824 /* LaunchScreen.storyboard */; };
		804054AF26D279B200907824 /* BestAppTests.swift in Sources */ = {isa = PBXBuildFile; fileRef = 804054AE26D279B200907824 /* BestAppTests.swift */; };
		804054BA26D279B200907824 /* BestAppUITests.swift in Sources */ = {isa = PBXBuildFile; fileRef = 804054B926D279B200907824 /* BestAppUITests.swift */; };
/* End PBXBuildFile section */

/* Begin PBXContainerItemProxy section */
		804054AB26D279B200907824 /* PBXContainerItemProxy */ = {
			isa = PBXContainerItemProxy;
			containerPortal = 8040548C26D279A500907824 /* Project object */;
			proxyType = 1;
			remoteGlobalIDString = 8040549326D279A600907824;
			remoteInfo = BestApp;
		};
		804054B626D279B200907824 /* PBXContainerItemProxy */ = {
			isa = PBXContainerItemProxy;
			containerPortal = 8040548C26D279A500907824 /* Project object */;
			proxyType = 1;
			remoteGlobalIDString = 8040549326D279A600907824;
			remoteInfo = BestApp;
		};
/* End PBXContainerItemProxy section */

/* Begin PBXFileReference section */
		8040549426D279A600907824 /* BestApp.app */ = {isa = PBXFileReference; explicitFileType = wrapper.application; includeInIndex = 0; path = BestApp.app; sourceTree = BUILT_PRODUCTS_DIR; };
		8040549726D279A600907824 /* AppDelegate.swift */ = {isa = PBXFileReference; lastKnownFileType = sourcecode.swift; path = AppDelegate.swift; sourceTree = "<group>"; };
		8040549926D279A600907824 /* SceneDelegate.swift */ = {isa = PBXFileReference; lastKnownFileType = sourcecode.swift; path = SceneDelegate.swift; sourceTree = "<group>"; };
		8040549B26D279A600907824 /* ViewController.swift */ = {isa = PBXFileReference; lastKnownFileType = sourcecode.swift; path = ViewController.swift; sourceTree = "<group>"; };
		8040549E26D279A600907824 /* Base */ = {isa = PBXFileReference; lastKnownFileType = file.storyboard; name = Base; path = Base.lproj/Main.storyboard; sourceTree = "<group>"; };
		804054A026D279B200907824 /* Assets.xcassets */ = {isa = PBXFileReference; lastKnownFileType = folder.assetcatalog; path = Assets.xcassets; sourceTree = "<group>"; };
		804054A326D279B200907824 /* Base */ = {isa = PBXFileReference; lastKnownFileType = file.storyboard; name = Base; path = Base.lproj/LaunchScreen.storyboard; sourceTree = "<group>"; };
		804054A526D279B200907824 /* Info.plist */ = {isa = PBXFileReference; lastKnownFileType = text.plist.xml; path = Info.plist; sourceTree = "<group>"; };
		804054AA26D279B200907824 /* BestAppTests.xctest */ = {isa = PBXFileReference; explicitFileType = wrapper.cfbundle; includeInIndex = 0; path = BestAppTests.xctest; sourceTree = BUILT_PRODUCTS_DIR; };
		804054AE26D279B200907824 /* BestAppTests.swift */ = {isa = PBXFileReference; lastKnownFileType = sourcecode.swift; path = BestAppTests.swift; sourceTree = "<group>"; };
		804054B026D279B200907824 /* Info.plist */ = {isa = PBXFileReference; lastKnownFileType = text.plist.xml; path = Info.plist; sourceTree = "<group>"; };
		804054B526D279B200907824 /* BestAppUITests.xctest */ = {isa = PBXFileReference; explicitFileType = wrapper.cfbundle; includeInIndex = 0; path = BestAppUITests.xctest; sourceTree = BUILT_PRODUCTS_DIR; };
		804054B926D279B200907824 /* BestAppUITests.swift */ = {isa = PBXFileReference; lastKnownFileType = sourcecode.swift; path = BestAppUITests.swift; sourceTree = "<group>"; };
		804054BB26D279B200907824 /* Info.plist */ = {isa = PBXFileReference; lastKnownFileType = text.plist.xml; path = Info.plist; sourceTree = "<group>"; };
/* End PBXFileReference section */

/* Begin PBXFrameworksBuildPhase section */
		8040549126D279A600907824 /* Frameworks */ = {
			isa = PBXFrameworksBuildPhase;
			buildActionMask = 2147483647;
			files = (
			);
			runOnlyForDeploymentPostprocessing = 0;
		};
		804054A726D279B200907824 /* Frameworks */ = {
			isa = PBXFrameworksBuildPhase;
			buildActionMask = 2147483647;
			files = (
			);
			runOnlyForDeploymentPostprocessing = 0;
		};
		804054B226D279B200907824 /* Frameworks */ = {
			isa = PBXFrameworksBuildPhase;
			buildActionMask = 2147483647;
			files = (
			);
			runOnlyForDeploymentPostprocessing = 0;
		};
/* End PBXFrameworksBuildPhase section */

/* Begin PBXGroup section */
		8040548B26D279A500907824 = {
			isa = PBXGroup;
			children = (
				8040549626D279A600907824 /* BestApp */,
				804054AD26D279B200907824 /* BestAppTests */,
				804054B826D279B200907824 /* BestAppUITests */,
				8040549526D279A600907824 /* Products */,
			);
			sourceTree = "<group>";
		};
		8040549526D279A600907824 /* Products */ = {
			isa = PBXGroup;
			children = (
				8040549426D279A600907824 /* BestApp.app */,
				804054AA26D279B200907824 /* BestAppTests.xctest */,
				804054B526D279B200907824 /* BestAppUITests.xctest */,
			);
			name = Products;
			sourceTree = "<group>";
		};
		8040549626D279A600907824 /* BestApp */ = {
			isa = PBXGroup;
			children = (
				8040549726D279A600907824 /* AppDelegate.swift */,
				8040549926D279A600907824 /* SceneDelegate.swift */,
				8040549B26D279A600907824 /* ViewController.swift */,
				8040549D26D279A600907824 /* Main.storyboard */,
				804054A026D279B200907824 /* Assets.xcassets */,
				804054A226D279B200907824 /* LaunchScreen.storyboard */,
				804054A526D279B200907824 /* Info.plist */,
			);
			path = BestApp;
			sourceTree = "<group>";
		};
		804054AD26D279B200907824 /* BestAppTests */ = {
			isa = PBXGroup;
			children = (
				804054AE26D279B200907824 /* BestAppTests.swift */,
				804054B026D279B200907824 /* Info.plist */,
			);
			path = BestAppTests;
			sourceTree = "<group>";
		};
		804054B826D279B200907824 /* BestAppUITests */ = {
			isa = PBXGroup;
			children = (
				804054B926D279B200907824 /* BestAppUITests.swift */,
				804054BB26D279B200907824 /* Info.plist */,
			);
			path = BestAppUITests;
			sourceTree = "<group>";
		};
/* End PBXGroup section */

/* Begin PBXNativeTarget section */
		8040549326D279A600907824 /* BestApp */ = {
			isa = PBXNativeTarget;
			buildConfigurationList = 804054BE26D279B200907824 /* Build configuration list for PBXNativeTarget "BestApp" */;
			buildPhases = (
				8040549026D279A600907824 /* Sources */,
				8040549126D279A600907824 /* Frameworks */,
				8040549226D279A600907824 /* Resources */,
			);
			buildRules = (
			);
			dependencies = (
			);
			name = BestApp;
			productName = BestApp;
			productReference = 8040549426D279A600907824 /* BestApp.app */;
			productType = "com.apple.product-type.application";
		};
		804054A926D279B200907824 /* BestAppTests */ = {
			isa = PBXNativeTarget;
			buildConfigurationList = 804054C126D279B200907824 /* Build configuration list for PBXNativeTarget "BestAppTests" */;
			buildPhases = (
				804054A626D279B200907824 /* Sources */,
				804054A726D279B200907824 /* Frameworks */,
				804054A826D279B200907824 /* Resources */,
			);
			buildRules = (
			);
			dependencies = (
				804054AC26D279B200907824 /* PBXTargetDependency */,
			);
			name = BestAppTests;
			productName = BestAppTests;
			productReference = 804054AA26D279B200907824 /* BestAppTests.xctest */;
			productType = "com.apple.product-type.bundle.unit-test";
		};
		804054B426D279B200907824 /* BestAppUITests */ = {
			isa = PBXNativeTarget;
			buildConfigurationList = 804054C426D279B200907824 /* Build configuration list for PBXNativeTarget "BestAppUITests" */;
			buildPhases = (
				804054B126D279B200907824 /* Sources */,
				804054B226D279B200907824 /* Frameworks */,
				804054B326D279B200907824 /* Resources */,
			);
			buildRules = (
			);
			dependencies = (
				804054B726D279B200907824 /* PBXTargetDependency */,
			);
			name = BestAppUITests;
			productName = BestAppUITests;
			productReference = 804054B526D279B200907824 /* BestAppUITests.xctest */;
			productType = "com.apple.product-type.bundle.ui-testing";
		};
/* End PBXNativeTarget section */

/* Begin PBXProject section */
		8040548C26D279A500907824 /* Project object */ = {
			isa = PBXProject;
			attributes = {
				LastSwiftUpdateCheck = 1250;
				LastUpgradeCheck = 1250;
				TargetAttributes = {
					8040549326D279A600907824 = {
						CreatedOnToolsVersion = 12.5.1;
					};
					804054A926D279B200907824 = {
						CreatedOnToolsVersion = 12.5.1;
						TestTargetID = 8040549326D279A600907824;
					};
					804054B426D279B200907824 = {
						CreatedOnToolsVersion = 12.5.1;
						TestTargetID = 8040549326D279A600907824;
					};
				};
			};
			buildConfigurationList = 8040548F26D279A600907824 /* Build configuration list for PBXProject "BestApp" */;
			compatibilityVersion = "Xcode 9.3";
			developmentRegion = en;
			hasScannedForEncodings = 0;
			knownRegions = (
				en,
				Base,
			);
			mainGroup = 8040548B26D279A500907824;
			productRefGroup = 8040549526D279A600907824 /* Products */;
			projectDirPath = "";
			projectRoot = "";
			targets = (
				8040549326D279A600907824 /* BestApp */,
				804054A926D279B200907824 /* BestAppTests */,
				804054B426D279B200907824 /* BestAppUITests */,
			);
		};
/* End PBXProject section */

/* Begin PBXResourcesBuildPhase section */
		8040549226D279A600907824 /* Resources */ = {
			isa = PBXResourcesBuildPhase;
			buildActionMask = 2147483647;
			files = (
				804054A426D279B200907824 /* LaunchScreen.storyboard in Resources */,
				804054A126D279B200907824 /* Assets.xcassets in Resources */,
				8040549F26D279A600907824 /* Main.storyboard in Resources */,
			);
			runOnlyForDeploymentPostprocessing = 0;
		};
		804054A826D279B200907824 /* Resources */ = {
			isa = PBXResourcesBuildPhase;
			buildActionMask = 2147483647;
			files = (
			);
			runOnlyForDeploymentPostprocessing = 0;
		};
		804054B326D279B200907824 /* Resources */ = {
			isa = PBXResourcesBuildPhase;
			buildActionMask = 2147483647;
			files = (
			);
			runOnlyForDeploymentPostprocessing = 0;
		};
/* End PBXResourcesBuildPhase section */

/* Begin PBXSourcesBuildPhase section */
		8040549026D279A600907824 /* Sources */ = {
			isa = PBXSourcesBuildPhase;
			buildActionMask = 2147483647;
			files = (
				8040549C26D279A600907824 /* ViewController.swift in Sources */,
				8040549826D279A600907824 /* AppDelegate.swift in Sources */,
				8040549A26D279A600907824 /* SceneDelegate.swift in Sources */,
			);
			runOnlyForDeploymentPostprocessing = 0;
		};
		804054A626D279B200907824 /* Sources */ = {
			isa = PBXSourcesBuildPhase;
			buildActionMask = 2147483647;
			files = (
				804054AF26D279B200907824 /* BestAppTests.swift in Sources */,
			);
			runOnlyForDeploymentPostprocessing = 0;
		};
		804054B126D279B200907824 /* Sources */ = {
			isa = PBXSourcesBuildPhase;
			buildActionMask = 2147483647;
			files = (
				804054BA26D279B200907824 /* BestAppUITests.swift in Sources */,
			);
			runOnlyForDeploymentPostprocessing = 0;
		};
/* End PBXSourcesBuildPhase section */

/* Begin PBXTargetDependency section */
		804054AC26D279B200907824 /* PBXTargetDependency */ = {
			isa = PBXTargetDependency;
			target = 8040549326D279A600907824 /* BestApp */;
			targetProxy = 804054AB26D279B200907824 /* PBXContainerItemProxy */;
		};
		804054B726D279B200907824 /* PBXTargetDependency */ = {
			isa = PBXTargetDependency;
			target = 8040549326D279A600907824 /* BestApp */;
			targetProxy = 804054B626D279B200907824 /* PBXContainerItemProxy */;
		};
/* End PBXTargetDependency section */

/* Begin PBXVariantGroup section */
		8040549D26D279A600907824 /* Main.storyboard */ = {
			isa = PBXVariantGroup;
			children = (
				8040549E26D279A600907824 /* Base */,
			);
			name = Main.storyboard;
			sourceTree = "<group>";
		};
		804054A226D279B200907824 /* LaunchScreen.storyboard */ = {
			isa = PBXVariantGroup;
			children = (
				804054A326D279B200907824 /* Base */,
			);
			name = LaunchScreen.storyboard;
			sourceTree = "<group>";
		};
/* End PBXVariantGroup section */

/* Begin XCBuildConfiguration section */
		804054BC26D279B200907824 /* Debug */ = {
			isa = XCBuildConfiguration;
			buildSettings = {
				ALWAYS_SEARCH_USER_PATHS = NO;
				CLANG_ANALYZER_NONNULL = YES;
				CLANG_ANALYZER_NUMBER_OBJECT_CONVERSION = YES_AGGRESSIVE;
				CLANG_CXX_LANGUAGE_STANDARD = "gnu++14";
				CLANG_CXX_LIBRARY = "libc++";
				CLANG_ENABLE_MODULES = YES;
				CLANG_ENABLE_OBJC_ARC = YES;
				CLANG_ENABLE_OBJC_WEAK = YES;
				CLANG_WARN_BLOCK_CAPTURE_AUTORELEASING = YES;
				CLANG_WARN_BOOL_CONVERSION = YES;
				CLANG_WARN_COMMA = YES;
				CLANG_WARN_CONSTANT_CONVERSION = YES;
				CLANG_WARN_DEPRECATED_OBJC_IMPLEMENTATIONS = YES;
				CLANG_WARN_DIRECT_OBJC_ISA_USAGE = YES_ERROR;
				CLANG_WARN_DOCUMENTATION_COMMENTS = YES;
				CLANG_WARN_EMPTY_BODY = YES;
				CLANG_WARN_ENUM_CONVERSION = YES;
				CLANG_WARN_INFINITE_RECURSION = YES;
				CLANG_WARN_INT_CONVERSION = YES;
				CLANG_WARN_NON_LITERAL_NULL_CONVERSION = YES;
				CLANG_WARN_OBJC_IMPLICIT_RETAIN_SELF = YES;
				CLANG_WARN_OBJC_LITERAL_CONVERSION = YES;
				CLANG_WARN_OBJC_ROOT_CLASS = YES_ERROR;
				CLANG_WARN_QUOTED_INCLUDE_IN_FRAMEWORK_HEADER = YES;
				CLANG_WARN_RANGE_LOOP_ANALYSIS = YES;
				CLANG_WARN_STRICT_PROTOTYPES = YES;
				CLANG_WARN_SUSPICIOUS_MOVE = YES;
				CLANG_WARN_UNGUARDED_AVAILABILITY = YES_AGGRESSIVE;
				CLANG_WARN_UNREACHABLE_CODE = YES;
				CLANG_WARN__DUPLICATE_METHOD_MATCH = YES;
				COPY_PHASE_STRIP = NO;
				DEBUG_INFORMATION_FORMAT = dwarf;
				ENABLE_STRICT_OBJC_MSGSEND = YES;
				ENABLE_TESTABILITY = YES;
				GCC_C_LANGUAGE_STANDARD = gnu11;
				GCC_DYNAMIC_NO_PIC = NO;
				GCC_NO_COMMON_BLOCKS = YES;
				GCC_OPTIMIZATION_LEVEL = 0;
				GCC_PREPROCESSOR_DEFINITIONS = (
					"DEBUG=1",
					"$(inherited)",
				);
				GCC_WARN_64_TO_32_BIT_CONVERSION = YES;
				GCC_WARN_ABOUT_RETURN_TYPE = YES_ERROR;
				GCC_WARN_UNDECLARED_SELECTOR = YES;
				GCC_WARN_UNINITIALIZED_AUTOS = YES_AGGRESSIVE;
				GCC_WARN_UNUSED_FUNCTION = YES;
				GCC_WARN_UNUSED_VARIABLE = YES;
				IPHONEOS_DEPLOYMENT_TARGET = 14.5;
				MTL_ENABLE_DEBUG_INFO = INCLUDE_SOURCE;
				MTL_FAST_MATH = YES;
				ONLY_ACTIVE_ARCH = YES;
				SDKROOT = iphoneos;
				SWIFT_ACTIVE_COMPILATION_CONDITIONS = DEBUG;
				SWIFT_OPTIMIZATION_LEVEL = "-Onone";
			};
			name = Debug;
		};
		804054BD26D279B200907824 /* Release */ = {
			isa = XCBuildConfiguration;
			buildSettings = {
				ALWAYS_SEARCH_USER_PATHS = NO;
				CLANG_ANALYZER_NONNULL = YES;
				CLANG_ANALYZER_NUMBER_OBJECT_CONVERSION = YES_AGGRESSIVE;
				CLANG_CXX_LANGUAGE_STANDARD = "gnu++14";
				CLANG_CXX_LIBRARY = "libc++";
				CLANG_ENABLE_MODULES = YES;
				CLANG_ENABLE_OBJC_ARC = YES;
				CLANG_ENABLE_OBJC_WEAK = YES;
				CLANG_WARN_BLOCK_CAPTURE_AUTORELEASING = YES;
				CLANG_WARN_BOOL_CONVERSION = YES;
				CLANG_WARN_COMMA = YES;
				CLANG_WARN_CONSTANT_CONVERSION = YES;
				CLANG_WARN_DEPRECATED_OBJC_IMPLEMENTATIONS = YES;
				CLANG_WARN_DIRECT_OBJC_ISA_USAGE = YES_ERROR;
				CLANG_WARN_DOCUMENTATION_COMMENTS = YES;
				CLANG_WARN_EMPTY_BODY = YES;
				CLANG_WARN_ENUM_CONVERSION = YES;
				CLANG_WARN_INFINITE_RECURSION = YES;
				CLANG_WARN_INT_CONVERSION = YES;
				CLANG_WARN_NON_LITERAL_NULL_CONVERSION = YES;
				CLANG_WARN_OBJC_IMPLICIT_RETAIN_SELF = YES;
				CLANG_WARN_OBJC_LITERAL_CONVERSION = YES;
				CLANG_WARN_OBJC_ROOT_CLASS = YES_ERROR;
				CLANG_WARN_QUOTED_INCLUDE_IN_FRAMEWORK_HEADER = YES;
				CLANG_WARN_RANGE_LOOP_ANALYSIS = YES;
				CLANG_WARN_STRICT_PROTOTYPES = YES;
				CLANG_WARN_SUSPICIOUS_MOVE = YES;
				CLANG_WARN_UNGUARDED_AVAILABILITY = YES_AGGRESSIVE;
				CLANG_WARN_UNREACHABLE_CODE = YES;
				CLANG_WARN__DUPLICATE_METHOD_MATCH = YES;
				COPY_PHASE_STRIP = NO;
				DEBUG_INFORMATION_FORMAT = "dwarf-with-dsym";
				ENABLE_NS_ASSERTIONS = NO;
				ENABLE_STRICT_OBJC_MSGSEND = YES;
				GCC_C_LANGUAGE_STANDARD = gnu11;
				GCC_NO_COMMON_BLOCKS = YES;
				GCC_WARN_64_TO_32_BIT_CONVERSION = YES;
				GCC_WARN_ABOUT_RETURN_TYPE = YES_ERROR;
				GCC_WARN_UNDECLARED_SELECTOR = YES;
				GCC_WARN_UNINITIALIZED_AUTOS = YES_AGGRESSIVE;
				GCC_WARN_UNUSED_FUNCTION = YES;
				GCC_WARN_UNUSED_VARIABLE = YES;
				IPHONEOS_DEPLOYMENT_TARGET = 14.5;
				MTL_ENABLE_DEBUG_INFO = NO;
				MTL_FAST_MATH = YES;
				SDKROOT = iphoneos;
				SWIFT_COMPILATION_MODE = wholemodule;
				SWIFT_OPTIMIZATION_LEVEL = "-O";
				VALIDATE_PRODUCT = YES;
			};
			name = Release;
		};
		804054BF26D279B200907824 /* Debug */ = {
			isa = XCBuildConfiguration;
			buildSettings = {
				ASSETCATALOG_COMPILER_APPICON_NAME = AppIcon;
				ASSETCATALOG_COMPILER_GLOBAL_ACCENT_COLOR_NAME = AccentColor;
				CODE_SIGN_STYLE = Automatic;
				DEVELOPMENT_TEAM = V5777SXZ9Y;
				INFOPLIST_FILE = BestApp/Info.plist;
				LD_RUNPATH_SEARCH_PATHS = (
					"$(inherited)",
					"@executable_path/Frameworks",
				);
				PRODUCT_BUNDLE_IDENTIFIER = memo.com.BestApp;
				PRODUCT_NAME = "$(TARGET_NAME)";
				SWIFT_VERSION = 5.0;
				TARGETED_DEVICE_FAMILY = "1,2";
			};
			name = Debug;
		};
		804054C026D279B200907824 /* Release */ = {
			isa = XCBuildConfiguration;
			buildSettings = {
				ASSETCATALOG_COMPILER_APPICON_NAME = AppIcon;
				ASSETCATALOG_COMPILER_GLOBAL_ACCENT_COLOR_NAME = AccentColor;
				CODE_SIGN_STYLE = Automatic;
				DEVELOPMENT_TEAM = V5777SXZ9Y;
				INFOPLIST_FILE = BestApp/Info.plist;
				LD_RUNPATH_SEARCH_PATHS = (
					"$(inherited)",
					"@executable_path/Frameworks",
				);
				PRODUCT_BUNDLE_IDENTIFIER = memo.com.BestApp;
				PRODUCT_NAME = "$(TARGET_NAME)";
				SWIFT_VERSION = 5.0;
				TARGETED_DEVICE_FAMILY = "1,2";
			};
			name = Release;
		};
		804054C226D279B200907824 /* Debug */ = {
			isa = XCBuildConfiguration;
			buildSettings = {
				ALWAYS_EMBED_SWIFT_STANDARD_LIBRARIES = YES;
				BUNDLE_LOADER = "$(TEST_HOST)";
				CODE_SIGN_STYLE = Automatic;
				DEVELOPMENT_TEAM = V5777SXZ9Y;
				INFOPLIST_FILE = BestAppTests/Info.plist;
				IPHONEOS_DEPLOYMENT_TARGET = 14.5;
				LD_RUNPATH_SEARCH_PATHS = (
					"$(inherited)",
					"@executable_path/Frameworks",
					"@loader_path/Frameworks",
				);
				PRODUCT_BUNDLE_IDENTIFIER = memo.com.BestAppTests;
				PRODUCT_NAME = "$(TARGET_NAME)";
				SWIFT_VERSION = 5.0;
				TARGETED_DEVICE_FAMILY = "1,2";
				TEST_HOST = "$(BUILT_PRODUCTS_DIR)/BestApp.app/BestApp";
			};
			name = Debug;
		};
		804054C326D279B200907824 /* Release */ = {
			isa = XCBuildConfiguration;
			buildSettings = {
				ALWAYS_EMBED_SWIFT_STANDARD_LIBRARIES = YES;
				BUNDLE_LOADER = "$(TEST_HOST)";
				CODE_SIGN_STYLE = Automatic;
				DEVELOPMENT_TEAM = V5777SXZ9Y;
				INFOPLIST_FILE = BestAppTests/Info.plist;
				IPHONEOS_DEPLOYMENT_TARGET = 14.5;
				LD_RUNPATH_SEARCH_PATHS = (
					"$(inherited)",
					"@executable_path/Frameworks",
					"@loader_path/Frameworks",
				);
				PRODUCT_BUNDLE_IDENTIFIER = memo.com.BestAppTests;
				PRODUCT_NAME = "$(TARGET_NAME)";
				SWIFT_VERSION = 5.0;
				TARGETED_DEVICE_FAMILY = "1,2";
				TEST_HOST = "$(BUILT_PRODUCTS_DIR)/BestApp.app/BestApp";
			};
			name = Release;
		};
		804054C526D279B200907824 /* Debug */ = {
			isa = XCBuildConfiguration;
			buildSettings = {
				ALWAYS_EMBED_SWIFT_STANDARD_LIBRARIES = YES;
				CODE_SIGN_STYLE = Automatic;
				DEVELOPMENT_TEAM = V5777SXZ9Y;
				INFOPLIST_FILE = BestAppUITests/Info.plist;
				LD_RUNPATH_SEARCH_PATHS = (
					"$(inherited)",
					"@executable_path/Frameworks",
					"@loader_path/Frameworks",
				);
				PRODUCT_BUNDLE_IDENTIFIER = memo.com.BestAppUITests;
				PRODUCT_NAME = "$(TARGET_NAME)";
				SWIFT_VERSION = 5.0;
				TARGETED_DEVICE_FAMILY = "1,2";
				TEST_TARGET_NAME = BestApp;
			};
			name = Debug;
		};
		804054C626D279B200907824 /* Release */ = {
			isa = XCBuildConfiguration;
			buildSettings = {
				ALWAYS_EMBED_SWIFT_STANDARD_LIBRARIES = YES;
				CODE_SIGN_STYLE = Automatic;
				DEVELOPMENT_TEAM = V5777SXZ9Y;
				INFOPLIST_FILE = BestAppUITests/Info.plist;
				LD_RUNPATH_SEARCH_PATHS = (
					"$(inherited)",
					"@executable_path/Frameworks",
					"@loader_path/Frameworks",
				);
				PRODUCT_BUNDLE_IDENTIFIER = memo.com.BestAppUITests;
				PRODUCT_NAME = "$(TARGET_NAME)";
				SWIFT_VERSION = 5.0;
				TARGETED_DEVICE_FAMILY = "1,2";
				TEST_TARGET_NAME = BestApp;
			};
			name = Release;
		};
/* End XCBuildConfiguration section */

/* Begin XCConfigurationList section */
		8040548F26D279A600907824 /* Build configuration list for PBXProject "BestApp" */ = {
			isa = XCConfigurationList;
			buildConfigurations = (
				804054BC26D279B200907824 /* Debug */,
				804054BD26D279B200907824 /* Release */,
			);
			defaultConfigurationIsVisible = 0;
			defaultConfigurationName = Release;
		};
		804054BE26D279B200907824 /* Build configuration list for PBXNativeTarget "BestApp" */ = {
			isa = XCConfigurationList;
			buildConfigurations = (
				804054BF26D279B200907824 /* Debug */,
				804054C026D279B200907824 /* Release */,
			);
			defaultConfigurationIsVisible = 0;
			defaultConfigurationName = Release;
		};
		804054C126D279B200907824 /* Build configuration list for PBXNativeTarget "BestAppTests" */ = {
			isa = XCConfigurationList;
			buildConfigurations = (
				804054C226D279B200907824 /* Debug */,
				804054C326D279B200907824 /* Release */,
			);
			defaultConfigurationIsVisible = 0;
			defaultConfigurationName = Release;
		};
		804054C426D279B200907824 /* Build configuration list for PBXNativeTarget "BestAppUITests" */ = {
			isa = XCConfigurationList;
			buildConfigurations = (
				804054C526D279B200907824 /* Debug */,
				804054C626D279B200907824 /* Release */,
			);
			defaultConfigurationIsVisible = 0;
			defaultConfigurationName = Release;
		};
/* End XCConfigurationList section */
	};
	rootObject = 8040548C26D279A500907824 /* Project object */;
}
